#MicroXplorer Configuration settings - do not modify
Mcu.Family=STM32F7
PK7.Signal=LTDC_DE
ProjectManager.MainLocation=Src
PK5.Locked=true
PK3.Signal=GPIO_Output
RCC.USART1Freq_Value=100000000
PK5.Signal=LTDC_B6
RCC.SAI1Freq_Value=96000000
RCC.CortexFreq_Value=200000000
PJ9.Mode=RGB888
PK2.GPIO_Speed=GPIO_SPEED_FREQ_HIGH
PI10.GPIOParameters=GPIO_Speed
ProjectManager.KeepUserCode=true
Mcu.UserName=STM32F746NGHx
PK0.Mode=RGB888
PJ9.GPIOParameters=GPIO_Speed
LTDC.HBP=13
RCC.PLLCLKFreq_Value=200000000
PI15.Locked=true
RCC.PLLQCLKFreq_Value=50000000
PJ10.GPIO_Speed=GPIO_SPEED_FREQ_HIGH
ProjectManager.functionlistsort=1-MX_GPIO_Init-GPIO-false-HAL-true,2-SystemClock_Config-RCC-false-HAL-false,3-MX_CORTEX_M7_Init-CORTEX_M7-false-HAL-true,4-MX_LTDC_Init-LTDC-false-HAL-true,5-MX_RNG_Init-RNG-false-HAL-true
PJ3.GPIOParameters=GPIO_Speed
RCC.PLLI2SRCLKFreq_Value=96000000
RCC.USART2Freq_Value=50000000
PJ8.GPIO_Speed=GPIO_SPEED_FREQ_HIGH
PI9.GPIO_Speed=GPIO_SPEED_FREQ_HIGH
PK1.Signal=LTDC_G6
PJ2.GPIO_Speed=GPIO_SPEED_FREQ_HIGH
PK5.GPIOParameters=GPIO_Speed
PJ2.GPIOParameters=GPIO_Speed
PinOutPanel.RotationAngle=0
PJ9.GPIO_Speed=GPIO_SPEED_FREQ_HIGH
RCC.SYSCLKSource=RCC_SYSCLKSOURCE_PLLCLK
ProjectManager.StackSize=0x4000
PJ10.Signal=LTDC_G3
PJ10.Locked=true
RCC.I2C3Freq_Value=50000000
RCC.LPTIM1Freq_Value=50000000
PJ6.Locked=true
Mcu.IP4=RNG
PJ6.Signal=LTDC_R7
RCC.FCLKCortexFreq_Value=200000000
Mcu.IP5=SYS
Mcu.IP2=NVIC
NVIC.SVCall_IRQn=true\:0\:0\:false\:false\:true\:true\:false
PJ11.GPIO_Speed=GPIO_SPEED_FREQ_HIGH
Mcu.IP3=RCC
PK4.GPIOParameters=GPIO_Speed
Mcu.IP0=CORTEX_M7
CORTEX_M7.Enable-Cortex_Memory_Protection_Unit_Region0_Settings=MPU_REGION_ENABLE
Mcu.IP1=LTDC
PJ2.Signal=LTDC_R3
Mcu.UserConstants=
RCC.SDMMCFreq_Value=200000000
RCC.PLL48CLockSelection=RCC_CLK48SOURCE_PLLSAIP
Mcu.ThirdPartyNb=0
PH0/OSC_IN.Mode=HSE-External-Oscillator
RCC.HCLKFreq_Value=200000000
RCC.I2C4Freq_Value=50000000
PJ5.Mode=RGB888
Mcu.IPNb=6
RCC.PLLI2SRoutputFreq_Value=96000000
ProjectManager.PreviousToolchain=TrueSTUDIO
RCC.APB2TimFreq_Value=200000000
RCC.SPDIFRXFreq_Value=96000000
LTDC.WindowX1_L0=480
PH1/OSC_OUT.Signal=RCC_OSC_OUT
PI9.Mode=RGB888
Mcu.Pin6=PK5
RCC.SAI2Freq_Value=96000000
Mcu.Pin7=PG12
PJ8.GPIOParameters=GPIO_Speed
Mcu.Pin8=PJ14
PK2.Mode=RGB888
Mcu.Pin9=PI10
RCC.VCOSAIOutputFreq_Value=192000000
PJ2.Locked=true
RCC.AHBFreq_Value=200000000
Mcu.Pin0=PA14
Mcu.Pin1=PA13
GPIO.groupedBy=Group By Peripherals
Mcu.Pin2=PJ13
Mcu.Pin3=PJ12
PK3.Locked=true
RCC.USART3Freq_Value=50000000
Mcu.Pin4=PK7
Mcu.Pin5=PK6
RCC.PLLSAIRCLKFreq_Value=96000000
ProjectManager.ProjectBuild=false
PJ14.Locked=true
RCC.HSE_VALUE=25000000
NVIC.UsageFault_IRQn=true\:0\:0\:false\:false\:true\:true\:false
NVIC.DebugMonitor_IRQn=true\:0\:0\:false\:false\:true\:true\:false
PJ12.GPIOParameters=GPIO_Speed
NVIC.SysTick_IRQn=true\:0\:0\:false\:false\:true\:true\:true
PJ10.GPIOParameters=GPIO_Speed
PI14.Mode=RGB888
PJ14.Mode=RGB888
ProjectManager.FirmwarePackage=STM32Cube FW_F7 V1.16.0
MxDb.Version=DB.5.0.60
LTDC.IPParameters=HSync,HBP,ActiveW,HFP,VSync,ActiveH,Layers,WindowX1_L0,WindowY1_L0,PixelFormat_L0,Alpha_L0,ImageWidth_L0,ImageHeight_L0
LTDC.PixelFormat_L0=LTDC_PIXEL_FORMAT_RGB565
PK7.Mode=RGB888
ProjectManager.BackupPrevious=false
RCC.VCOInputFreq_Value=1000000
PG12.GPIOParameters=GPIO_Speed
PJ2.Mode=RGB888
PJ1.GPIOParameters=GPIO_Speed
PA14.Mode=Serial_Wire
PK6.Mode=RGB888
File.Version=6
PJ7.GPIO_Speed=GPIO_SPEED_FREQ_HIGH
PI15.GPIOParameters=GPIO_Speed
PK3.GPIOParameters=GPIO_Speed,PinState
LTDC.HFP=32
PJ1.GPIO_Speed=GPIO_SPEED_FREQ_HIGH
NVIC.PendSV_IRQn=true\:0\:0\:false\:false\:true\:true\:false
PK6.GPIOParameters=GPIO_Speed
LTDC.ActiveW=480
PH1/OSC_OUT.Mode=HSE-External-Oscillator
LTDC.HSync=41
ProjectManager.HalAssertFull=false
PI12.GPIOParameters=GPIO_Speed,PinState
ProjectManager.ProjectName=F746G
PJ14.Signal=LTDC_B2
RCC.MCO2PinFreq_Value=200000000
PJ0.Mode=RGB888
PJ12.Mode=RGB888
Mcu.Package=TFBGA216
PI10.GPIO_Speed=GPIO_SPEED_FREQ_HIGH
PJ9.Signal=LTDC_G2
PJ11.Locked=true
PK6.GPIO_Speed=GPIO_SPEED_FREQ_HIGH
PJ12.Signal=LTDC_B0
PJ5.GPIOParameters=GPIO_Speed
ProjectManager.ToolChainLocation=
RCC.LSI_VALUE=32000
VP_SYS_VS_Systick.Signal=SYS_VS_Systick
PJ4.Signal=LTDC_R5
PJ3.Locked=true
PJ1.Signal=LTDC_R2
PI12.GPIO_Speed=GPIO_SPEED_FREQ_HIGH
RCC.PLLSAIP=RCC_PLLSAIP_DIV4
RCC.APB2CLKDivider=RCC_HCLK_DIV2
PJ3.GPIO_Speed=GPIO_SPEED_FREQ_HIGH
LTDC.VSync=10
RCC.CECFreq_Value=32786.88524590164
RCC.APB1TimFreq_Value=100000000
NVIC.BusFault_IRQn=true\:0\:0\:false\:false\:true\:true\:false
PJ7.Mode=RGB888
PJ13.GPIOParameters=GPIO_Speed
PK4.GPIO_Speed=GPIO_SPEED_FREQ_HIGH
PJ13.Mode=RGB888
PJ1.Mode=RGB888
PK1.Locked=true
PI15.Mode=RGB888
ProjectManager.CustomerFirmwarePackage=
PJ5.GPIO_Speed=GPIO_SPEED_FREQ_HIGH
RCC.PLLSAIQCLKFreq_Value=96000000
PG12.Signal=LTDC_B4
PI14.GPIO_Speed=GPIO_SPEED_FREQ_HIGH
PK1.Mode=RGB888
RCC.PLLSourceVirtual=RCC_PLLSOURCE_HSE
PK6.Signal=LTDC_B7
PK6.Locked=true
RCC.I2SFreq_Value=96000000
PK4.Signal=LTDC_B5
PK3.PinState=GPIO_PIN_SET
PK4.Locked=true
RCC.PLLQoutputFreq_Value=50000000
ProjectManager.ProjectFileName=F746G.ioc
PK2.Signal=LTDC_G7
CORTEX_M7.CPU_ICache=Enabled
PJ15.GPIOParameters=GPIO_Speed
LTDC.WindowY1_L0=272
RCC.UART7Freq_Value=50000000
PJ8.Mode=RGB888
Mcu.PinsNb=37
ProjectManager.NoMain=false
PI14.Signal=LTDC_CLK
CORTEX_M7.IsCacheable-Cortex_Memory_Protection_Unit_Region0_Settings=MPU_ACCESS_CACHEABLE
PI10.Mode=RGB888
PI14.GPIOParameters=GPIO_Speed
PI12.Signal=GPIO_Output
ProjectManager.DefaultFWLocation=true
PI10.Signal=LTDC_HSYNC
PK0.Locked=true
ProjectManager.DeletePrevious=true
RCC.UART8Freq_Value=50000000
VP_RNG_VS_RNG.Mode=RNG_Activate
RCC.APB1CLKDivider=RCC_HCLK_DIV4
PK2.Locked=true
RCC.LCDTFToutputFreq_Value=48000000
boardIOC=true
PinOutPanel.CurrentBGAView=Top
RCC.FamilyName=M
PJ9.Locked=true
PJ11.Mode=RGB888
PJ11.Signal=LTDC_G4
LTDC.ImageWidth_L0=480
PJ6.Mode=RGB888
PA13.Signal=SYS_JTMS-SWDIO
CORTEX_M7.MPU_Control=MPU_PRIVILEGED_DEFAULT
PJ7.Signal=LTDC_G0
PJ3.Signal=LTDC_R4
PK0.GPIO_Speed=GPIO_SPEED_FREQ_HIGH
PJ5.Locked=true
PK2.GPIOParameters=GPIO_Speed
PK7.GPIOParameters=GPIO_Speed
PJ0.GPIO_Speed=GPIO_SPEED_FREQ_HIGH
ProjectManager.TargetToolchain=TrueSTUDIO
RCC.USART6Freq_Value=100000000
LTDC.ActiveH=272
VP_RNG_VS_RNG.Signal=RNG_VS_RNG
PJ14.GPIOParameters=GPIO_Speed
PI12.Locked=true
CORTEX_M7.BaseAddress-Cortex_Memory_Protection_Unit_Region0_Settings=0x20010000
PK0.GPIOParameters=GPIO_Speed
PI1.Locked=true
PJ13.GPIO_Speed=GPIO_SPEED_FREQ_HIGH
RCC.USBFreq_Value=48000000
RCC.PLLSAIoutputFreq_Value=48000000
RCC.LSE_VALUE=32768
PK0.Signal=LTDC_G5
RCC.VCOI2SOutputFreq_Value=192000000
PJ6.GPIOParameters=GPIO_Speed
PK5.Mode=RGB888
PJ15.Signal=LTDC_B3
PJ14.GPIO_Speed=GPIO_SPEED_FREQ_HIGH
RCC.PLLSAIPCLKFreq_Value=48000000
board=STM32F746G-DISCO
PG12.Mode=RGB888
PJ15.GPIO_Speed=GPIO_SPEED_FREQ_HIGH
RCC.VCOOutputFreq_Value=400000000
ProjectManager.LastFirmware=true
PI9.Signal=LTDC_VSYNC
PJ3.Mode=RGB888
PH0/OSC_IN.Signal=RCC_OSC_IN
RCC.APB2Freq_Value=100000000
RCC.UART4Freq_Value=50000000
MxCube.Version=5.6.0
LTDC.Layers=0
Mcu.Pin35=VP_RNG_VS_RNG
RCC.I2C1Freq_Value=50000000
PK7.GPIO_Speed=GPIO_SPEED_FREQ_HIGH
Mcu.Pin36=VP_SYS_VS_Systick
RCC.PLLI2SPCLKFreq_Value=96000000
PJ4.GPIOParameters=GPIO_Speed
PI1.Signal=GPIO_Output
RCC.RNGFreq_Value=48000000
Mcu.Pin30=PJ5
VP_SYS_VS_Systick.Mode=SysTick
RCC.EthernetFreq_Value=200000000
PJ12.GPIO_Speed=GPIO_SPEED_FREQ_HIGH
Mcu.Pin33=PJ0
CORTEX_M7.AccessPermission-Cortex_Memory_Protection_Unit_Region0_Settings=MPU_REGION_FULL_ACCESS
Mcu.Pin34=PJ1
Mcu.Pin31=PJ3
Mcu.Pin32=PJ2
NVIC.NonMaskableInt_IRQn=true\:0\:0\:false\:false\:true\:true\:false
RCC.UART5Freq_Value=50000000
PA13.Mode=Serial_Wire
ProjectManager.FreePins=false
RCC.IPParameters=AHBFreq_Value,APB1CLKDivider,APB1Freq_Value,APB1TimFreq_Value,APB2CLKDivider,APB2Freq_Value,APB2TimFreq_Value,CECFreq_Value,CortexFreq_Value,EthernetFreq_Value,FCLKCortexFreq_Value,FamilyName,HCLKFreq_Value,HSE_VALUE,HSI_VALUE,I2C1Freq_Value,I2C2Freq_Value,I2C3Freq_Value,I2C4Freq_Value,I2SFreq_Value,LCDTFToutputFreq_Value,LPTIM1Freq_Value,LSE_VALUE,LSI_VALUE,MCO2PinFreq_Value,PLL48CLockSelection,PLLCLKFreq_Value,PLLI2SPCLKFreq_Value,PLLI2SQCLKFreq_Value,PLLI2SRCLKFreq_Value,PLLI2SRoutputFreq_Value,PLLM,PLLN,PLLQ,PLLQCLKFreq_Value,PLLQoutputFreq_Value,PLLSAIP,PLLSAIPCLKFreq_Value,PLLSAIQCLKFreq_Value,PLLSAIRCLKFreq_Value,PLLSAIoutputFreq_Value,PLLSourceVirtual,RNGFreq_Value,SAI1Freq_Value,SAI2Freq_Value,SDMMCFreq_Value,SPDIFRXFreq_Value,SYSCLKFreq_VALUE,SYSCLKSource,UART4Freq_Value,UART5Freq_Value,UART7Freq_Value,UART8Freq_Value,USART1Freq_Value,USART2Freq_Value,USART3Freq_Value,USART6Freq_Value,USBFreq_Value,VCOI2SOutputFreq_Value,VCOInputFreq_Value,VCOOutputFreq_Value,VCOSAIOutputFreq_Value
PJ0.Signal=LTDC_R1
ProjectManager.AskForMigrate=true
Mcu.Name=STM32F746NGHx
RCC.PLLI2SQCLKFreq_Value=96000000
PI9.GPIOParameters=GPIO_Speed
CORTEX_M7.Size-Cortex_Memory_Protection_Unit_Region0_Settings=MPU_REGION_SIZE_256KB
Mcu.Pin26=PJ7
Mcu.Pin27=PJ9
Mcu.Pin24=PJ8
ProjectManager.UnderRoot=true
Mcu.Pin25=PJ10
CORTEX_M7.IPParameters=CPU_ICache,CPU_DCache,MPU_Control,Enable-Cortex_Memory_Protection_Unit_Region0_Settings,BaseAddress-Cortex_Memory_Protection_Unit_Region0_Settings,Size-Cortex_Memory_Protection_Unit_Region0_Settings,AccessPermission-Cortex_Memory_Protection_Unit_Region0_Settings,IsCacheable-Cortex_Memory_Protection_Unit_Region0_Settings
Mcu.Pin28=PJ6
Mcu.Pin29=PJ4
ProjectManager.CoupleFile=false
PJ15.Locked=true
RCC.SYSCLKFreq_VALUE=200000000
PJ15.Mode=RGB888
Mcu.Pin22=PH1/OSC_OUT
Mcu.Pin23=PI14
Mcu.Pin20=PJ11
PK1.GPIO_Speed=GPIO_SPEED_FREQ_HIGH
Mcu.Pin21=PK0
PI15.GPIO_Speed=GPIO_SPEED_FREQ_HIGH
PJ0.GPIOParameters=GPIO_Speed
PK4.Mode=RGB888
NVIC.ForceEnableDMAVector=true
KeepUserPlacement=false
PG12.Locked=true
NVIC.MemoryManagement_IRQn=true\:0\:0\:false\:false\:true\:true\:false
PJ5.Signal=LTDC_R6
ProjectManager.CompilerOptimize=6
LTDC.Alpha_L0=255
PJ6.GPIO_Speed=GPIO_SPEED_FREQ_HIGH
PJ4.Locked=true
PJ8.Signal=LTDC_G1
PA14.Signal=SYS_JTCK-SWCLK
ProjectManager.HeapSize=0x2000
Mcu.Pin15=PI9
NVIC.HardFault_IRQn=true\:0\:0\:false\:false\:true\:true\:false
Mcu.Pin16=PK1
Mcu.Pin13=PI1
Mcu.Pin14=PI12
Mcu.Pin19=PI15
PG12.GPIO_Speed=GPIO_SPEED_FREQ_HIGH
ProjectManager.ComputerToolchain=false
Mcu.Pin17=PK2
RCC.HSI_VALUE=16000000
Mcu.Pin18=PH0/OSC_IN
PJ10.Mode=RGB888
RCC.PLLQ=8
NVIC.PriorityGroup=NVIC_PRIORITYGROUP_4
Mcu.Pin11=PK3
Mcu.Pin12=PJ15
RCC.PLLM=25
PK3.GPIO_Speed=GPIO_SPEED_FREQ_HIGH
RCC.PLLN=400
Mcu.Pin10=PK4
PI15.Signal=LTDC_R0
PJ4.Mode=RGB888
PJ7.GPIOParameters=GPIO_Speed
CORTEX_M7.CPU_DCache=Enabled
PJ4.GPIO_Speed=GPIO_SPEED_FREQ_HIGH
RCC.I2C2Freq_Value=50000000
RCC.APB1Freq_Value=50000000
LTDC.ImageHeight_L0=272
PJ11.GPIOParameters=GPIO_Speed
ProjectManager.DeviceId=STM32F746NGHx
ProjectManager.LibraryCopy=1
PJ13.Signal=LTDC_B1
PK1.GPIOParameters=GPIO_Speed
PK5.GPIO_Speed=GPIO_SPEED_FREQ_HIGH
PI12.PinState=GPIO_PIN_SET
